// !$*UTF8*$!
{
	archiveVersion = 1;
	classes = {
	};
	objectVersion = 60;
	objects = {

/* Begin PBXBuildFile section */
		1F7FA2A72ED33A99004D91C4 /* KeychainStore.swift in Sources */ = {isa = PBXBuildFile; fileRef = 1F7FA2A42ED33A99004D91C4 /* KeychainStore.swift */; };
		1F7FA2BF2ED33AD2004D91C4 /* AIPolishService.swift in Sources */ = {isa = PBXBuildFile; fileRef = 1F7FA2B82ED33AD2004D91C4 /* AIPolishService.swift */; };
		1F7FA2C02ED33AD2004D91C4 /* CategoryService.swift in Sources */ = {isa = PBXBuildFile; fileRef = 1F7FA2BA2ED33AD2004D91C4 /* CategoryService.swift */; };
		1F7FA2C22ED33C57004D91C4 /* RootView.swift in Sources */ = {isa = PBXBuildFile; fileRef = 1F7FA2C12ED33C57004D91C4 /* RootView.swift */; };
		1F7FA2C52ED33C6E004D91C4 /* AppRouter.swift in Sources */ = {isa = PBXBuildFile; fileRef = 1F7FA2C32ED33C6E004D91C4 /* AppRouter.swift */; };
		1F7FA2CC2ED33C9E004D91C4 /* SearchHistoryItem.swift in Sources */ = {isa = PBXBuildFile; fileRef = 1F7FA2C92ED33C9E004D91C4 /* SearchHistoryItem.swift */; };
		1F7FA2CD2ED33C9E004D91C4 /* LocationInfo.swift in Sources */ = {isa = PBXBuildFile; fileRef = 1F7FA2C82ED33C9E004D91C4 /* LocationInfo.swift */; };
		1F7FA2CE2ED33C9E004D91C4 /* CategoryModel.swift in Sources */ = {isa = PBXBuildFile; fileRef = 1F7FA2C62ED33C9E004D91C4 /* CategoryModel.swift */; };
		1F7FA2CF2ED33C9E004D91C4 /* StoryModel.swift in Sources */ = {isa = PBXBuildFile; fileRef = 1F7FA2CA2ED33C9E004D91C4 /* StoryModel.swift */; };
		1F7FA2D22ED33CD3004D91C4 /* SensitiveFilter.swift in Sources */ = {isa = PBXBuildFile; fileRef = 1F7FA2D12ED33CD3004D91C4 /* SensitiveFilter.swift */; };
		1F7FA2D32ED33CD3004D91C4 /* MarkdownProcessor.swift in Sources */ = {isa = PBXBuildFile; fileRef = 1F7FA2D02ED33CD3004D91C4 /* MarkdownProcessor.swift */; };
		1F7FA2D82ED33CEE004D91C4 /* CategoryCardView.swift in Sources */ = {isa = PBXBuildFile; fileRef = 1F7FA2D42ED33CEE004D91C4 /* CategoryCardView.swift */; };
		1F7FA2E22ED33D23004D91C4 /* CategoryListView.swift in Sources */ = {isa = PBXBuildFile; fileRef = 1F7FA2DA2ED33D23004D91C4 /* CategoryListView.swift */; };
		1F7FA2E42ED33D23004D91C4 /* SettingsView.swift in Sources */ = {isa = PBXBuildFile; fileRef = 1F7FA2E02ED33D23004D91C4 /* SettingsView.swift */; };
		1F7FA2E62ED33D23004D91C4 /* CategoryView.swift in Sources */ = {isa = PBXBuildFile; fileRef = 1F7FA2DB2ED33D23004D91C4 /* CategoryView.swift */; };
		1F7FA2E82ED33D42004D91C4 /* AIPolishView.swift in Sources */ = {isa = PBXBuildFile; fileRef = 1F7FA2E72ED33D42004D91C4 /* AIPolishView.swift */; };
		1F7FA2EE2ED34066004D91C4 /* CategoryViewModel.swift in Sources */ = {isa = PBXBuildFile; fileRef = 1F7FA2E92ED34066004D91C4 /* CategoryViewModel.swift */; };
		1F7FA2EF2ED34066004D91C4 /* AIPolishViewModel.swift in Sources */ = {isa = PBXBuildFile; fileRef = 1F7FA2EB2ED34066004D91C4 /* AIPolishViewModel.swift */; };
		1F9A66A72EF6554B00DCE674 /* NewStoryEditorView.swift in Sources */ = {isa = PBXBuildFile; fileRef = 1F9A66A62EF6554B00DCE674 /* NewStoryEditorView.swift */; };
		1F9A66AA2EF6613500DCE674 /* RichTextKit in Frameworks */ = {isa = PBXBuildFile; productRef = 1F9A66A92EF6613500DCE674 /* RichTextKit */; };
		1F9A66AC2EF66A1400DCE674 /* RichTextEditorView.swift in Sources */ = {isa = PBXBuildFile; fileRef = 1F9A66AB2EF66A1400DCE674 /* RichTextEditorView.swift */; };
		1F9A66AE2EF6F2A100DCE674 /* FontSettingsSheet.swift in Sources */ = {isa = PBXBuildFile; fileRef = 1F9A66AD2EF6F2A100DCE674 /* FontSettingsSheet.swift */; };
		1F9BF5462F091270009E5A49 /* MyStory.xcdatamodeld in Sources */ = {isa = PBXBuildFile; fileRef = 1F9BF5442F091270009E5A49 /* MyStory.xcdatamodeld */; };
		1F9BF5532F0913C8009E5A49 /* SettingEntity+CoreDataClass.swift in Sources */ = {isa = PBXBuildFile; fileRef = 1F9BF5522F0913C8009E5A49 /* SettingEntity+CoreDataClass.swift */; };
		1F9BF5592F09140B009E5A49 /* CategoryEntity+CoreDataClass.swift in Sources */ = {isa = PBXBuildFile; fileRef = 1F9BF5542F09140B009E5A49 /* CategoryEntity+CoreDataClass.swift */; };
		1F9BF55A2F09140B009E5A49 /* CategoryEntity+CoreDataProperties.swift in Sources */ = {isa = PBXBuildFile; fileRef = 1F9BF5552F09140B009E5A49 /* CategoryEntity+CoreDataProperties.swift */; };
		1F9BF55B2F09140B009E5A49 /* MediaEntity+CoreDataProperties.swift in Sources */ = {isa = PBXBuildFile; fileRef = 1F9BF5562F09140B009E5A49 /* MediaEntity+CoreDataProperties.swift */; };
		1F9BF55C2F09140B009E5A49 /* SettingEntity+CoreDataProperties.swift in Sources */ = {isa = PBXBuildFile; fileRef = 1F9BF5572F09140B009E5A49 /* SettingEntity+CoreDataProperties.swift */; };
		1F9BF55D2F09140B009E5A49 /* StoryEntity+CoreDataProperties.swift in Sources */ = {isa = PBXBuildFile; fileRef = 1F9BF5582F09140B009E5A49 /* StoryEntity+CoreDataProperties.swift */; };
		1FCB03FD2F0E4178000E5BC2 /* MigrationBackupService.swift in Sources */ = {isa = PBXBuildFile; fileRef = 1FCB03F92F0E4178000E5BC2 /* MigrationBackupService.swift */; };
		1FCB03FE2F0E4178000E5BC2 /* MigrationCryptoService.swift in Sources */ = {isa = PBXBuildFile; fileRef = 1FCB03FA2F0E4178000E5BC2 /* MigrationCryptoService.swift */; };
		1FCB03FF2F0E4178000E5BC2 /* MigrationSessionManager.swift in Sources */ = {isa = PBXBuildFile; fileRef = 1FCB03FC2F0E4178000E5BC2 /* MigrationSessionManager.swift */; };
		1FCB04002F0E4178000E5BC2 /* MigrationRestoreService.swift in Sources */ = {isa = PBXBuildFile; fileRef = 1FCB03FB2F0E4178000E5BC2 /* MigrationRestoreService.swift */; };
		1FD7248D2F02B31900F46B20 /* ImageCropperView.swift in Sources */ = {isa = PBXBuildFile; fileRef = 1FD7248C2F02B31900F46B20 /* ImageCropperView.swift */; };
		1FD7248F2F02B34900F46B20 /* CategoryIconView.swift in Sources */ = {isa = PBXBuildFile; fileRef = 1FD7248E2F02B34900F46B20 /* CategoryIconView.swift */; };
		1FD724912F02B3A200F46B20 /* ImageCropperViewModel.swift in Sources */ = {isa = PBXBuildFile; fileRef = 1FD724902F02B3A200F46B20 /* ImageCropperViewModel.swift */; };
		1FD724932F02B3C500F46B20 /* CustomIconHelper.swift in Sources */ = {isa = PBXBuildFile; fileRef = 1FD724922F02B3C500F46B20 /* CustomIconHelper.swift */; };
		1FD724952F02B3F700F46B20 /* CropShape.swift in Sources */ = {isa = PBXBuildFile; fileRef = 1FD724942F02B3F700F46B20 /* CropShape.swift */; };
		1FDA9BDE2EDF16A900818D62 /* CategoryLevelView.swift in Sources */ = {isa = PBXBuildFile; fileRef = 1FDA9BDD2EDF16A900818D62 /* CategoryLevelView.swift */; };
		1FDA9BE02EDF22D700818D62 /* SimpleCategoryPicker.swift in Sources */ = {isa = PBXBuildFile; fileRef = 1FDA9BDF2EDF22D700818D62 /* SimpleCategoryPicker.swift */; };
		1FDA9BE72EDF254B00818D62 /* StoryEntity+CoreDataClass.swift in Sources */ = {isa = PBXBuildFile; fileRef = 1FDA9BE62EDF254B00818D62 /* StoryEntity+CoreDataClass.swift */; };
		1FDA9BE92EDF254B00818D62 /* MediaEntity+CoreDataClass.swift in Sources */ = {isa = PBXBuildFile; fileRef = 1FDA9BE42EDF254B00818D62 /* MediaEntity+CoreDataClass.swift */; };
		1FDA9BED2EE05D4000818D62 /* String+Localization.swift in Sources */ = {isa = PBXBuildFile; fileRef = 1FDA9BEC2EE05D4000818D62 /* String+Localization.swift */; };
		1FDA9BEE2EE05D4000818D62 /* LocalizationManager.swift in Sources */ = {isa = PBXBuildFile; fileRef = 1FDA9BEB2EE05D4000818D62 /* LocalizationManager.swift */; };
		1FDA9BF62EE05D5500818D62 /* InfoPlist.strings in Resources */ = {isa = PBXBuildFile; fileRef = 1FDA9BF12EE05D5500818D62 /* InfoPlist.strings */; };
		1FDA9BF72EE05D5500818D62 /* Localizable.strings in Resources */ = {isa = PBXBuildFile; fileRef = 1FDA9BF42EE05D5500818D62 /* Localizable.strings */; };
		1FDA9BF92EE05D9200818D62 /* LanguageSettingsView.swift in Sources */ = {isa = PBXBuildFile; fileRef = 1FDA9BF82EE05D9200818D62 /* LanguageSettingsView.swift */; };
		1FDA9BFB2EE063EA00818D62 /* AppTheme.swift in Sources */ = {isa = PBXBuildFile; fileRef = 1FDA9BFA2EE063EA00818D62 /* AppTheme.swift */; };
		1FDA9BFD2EE0678100818D62 /* ThemeSettingsView.swift in Sources */ = {isa = PBXBuildFile; fileRef = 1FDA9BFC2EE0678100818D62 /* ThemeSettingsView.swift */; };
		1FDA9BFF2EE06D6900818D62 /* CategorySearchResultView.swift in Sources */ = {isa = PBXBuildFile; fileRef = 1FDA9BFE2EE06D6900818D62 /* CategorySearchResultView.swift */; };
		1FDA9C012EE06DA100818D62 /* SearchResultModel.swift in Sources */ = {isa = PBXBuildFile; fileRef = 1FDA9C002EE06DA100818D62 /* SearchResultModel.swift */; };
		1FDA9C032EE072B200818D62 /* CategorySearchView.swift in Sources */ = {isa = PBXBuildFile; fileRef = 1FDA9C022EE072B200818D62 /* CategorySearchView.swift */; };
		1FF01B202ED71AB400EDDEE4 /* CategoryStoryListView.swift in Sources */ = {isa = PBXBuildFile; fileRef = 1FF01B1F2ED71AB400EDDEE4 /* CategoryStoryListView.swift */; };
		1FF01B212ED71AB400EDDEE4 /* CategoryFormView.swift in Sources */ = {isa = PBXBuildFile; fileRef = 1FF01B1E2ED71AB400EDDEE4 /* CategoryFormView.swift */; };
		E100000001 /* MyStoryApp.swift in Sources */ = {isa = PBXBuildFile; fileRef = E200000001 /* MyStoryApp.swift */; };
		E100000002 /* CoreDataStack.swift in Sources */ = {isa = PBXBuildFile; fileRef = E200000002 /* CoreDataStack.swift */; };
		E100000003 /* MediaStorageService.swift in Sources */ = {isa = PBXBuildFile; fileRef = E200000003 /* MediaStorageService.swift */; };
		E100000004 /* LocationService.swift in Sources */ = {isa = PBXBuildFile; fileRef = E200000004 /* LocationService.swift */; };
		E100000005 /* TimelineView.swift in Sources */ = {isa = PBXBuildFile; fileRef = E200000005 /* TimelineView.swift */; };
		E100000006 /* TimelineViewModel.swift in Sources */ = {isa = PBXBuildFile; fileRef = E200000006 /* TimelineViewModel.swift */; };
		E100000007 /* FullScreenStoryView.swift in Sources */ = {isa = PBXBuildFile; fileRef = E200000007 /* FullScreenStoryView.swift */; };
		E100000009 /* StoryCardView.swift in Sources */ = {isa = PBXBuildFile; fileRef = E200000009 /* StoryCardView.swift */; };
		E10000000C /* Assets.xcassets in Resources */ = {isa = PBXBuildFile; fileRef = E20000000C /* Assets.xcassets */; };
		E10000000E /* VideoPlayerView.swift in Sources */ = {isa = PBXBuildFile; fileRef = E20000000E /* VideoPlayerView.swift */; };
		E10000000F /* VideoTransferable.swift in Sources */ = {isa = PBXBuildFile; fileRef = E20000000F /* VideoTransferable.swift */; };
		E100000010 /* LoadingIndicator.swift in Sources */ = {isa = PBXBuildFile; fileRef = E200000010 /* LoadingIndicator.swift */; };
/* End PBXBuildFile section */

/* Begin PBXFileReference section */
		1F7FA2A42ED33A99004D91C4 /* KeychainStore.swift */ = {isa = PBXFileReference; lastKnownFileType = sourcecode.swift; path = KeychainStore.swift; sourceTree = "<group>"; };
		1F7FA2B82ED33AD2004D91C4 /* AIPolishService.swift */ = {isa = PBXFileReference; lastKnownFileType = sourcecode.swift; path = AIPolishService.swift; sourceTree = "<group>"; };
		1F7FA2BA2ED33AD2004D91C4 /* CategoryService.swift */ = {isa = PBXFileReference; lastKnownFileType = sourcecode.swift; path = CategoryService.swift; sourceTree = "<group>"; };
		1F7FA2C12ED33C57004D91C4 /* RootView.swift */ = {isa = PBXFileReference; lastKnownFileType = sourcecode.swift; path = RootView.swift; sourceTree = "<group>"; };
		1F7FA2C32ED33C6E004D91C4 /* AppRouter.swift */ = {isa = PBXFileReference; lastKnownFileType = sourcecode.swift; path = AppRouter.swift; sourceTree = "<group>"; };
		1F7FA2C62ED33C9E004D91C4 /* CategoryModel.swift */ = {isa = PBXFileReference; lastKnownFileType = sourcecode.swift; path = CategoryModel.swift; sourceTree = "<group>"; };
		1F7FA2C82ED33C9E004D91C4 /* LocationInfo.swift */ = {isa = PBXFileReference; lastKnownFileType = sourcecode.swift; path = LocationInfo.swift; sourceTree = "<group>"; };
		1F7FA2C92ED33C9E004D91C4 /* SearchHistoryItem.swift */ = {isa = PBXFileReference; lastKnownFileType = sourcecode.swift; path = SearchHistoryItem.swift; sourceTree = "<group>"; };
		1F7FA2CA2ED33C9E004D91C4 /* StoryModel.swift */ = {isa = PBXFileReference; lastKnownFileType = sourcecode.swift; path = StoryModel.swift; sourceTree = "<group>"; };
		1F7FA2D02ED33CD3004D91C4 /* MarkdownProcessor.swift */ = {isa = PBXFileReference; lastKnownFileType = sourcecode.swift; path = MarkdownProcessor.swift; sourceTree = "<group>"; };
		1F7FA2D12ED33CD3004D91C4 /* SensitiveFilter.swift */ = {isa = PBXFileReference; lastKnownFileType = sourcecode.swift; path = SensitiveFilter.swift; sourceTree = "<group>"; };
		1F7FA2D42ED33CEE004D91C4 /* CategoryCardView.swift */ = {isa = PBXFileReference; lastKnownFileType = sourcecode.swift; path = CategoryCardView.swift; sourceTree = "<group>"; };
		1F7FA2DA2ED33D23004D91C4 /* CategoryListView.swift */ = {isa = PBXFileReference; lastKnownFileType = sourcecode.swift; path = CategoryListView.swift; sourceTree = "<group>"; };
		1F7FA2DB2ED33D23004D91C4 /* CategoryView.swift */ = {isa = PBXFileReference; lastKnownFileType = sourcecode.swift; path = CategoryView.swift; sourceTree = "<group>"; };
		1F7FA2E02ED33D23004D91C4 /* SettingsView.swift */ = {isa = PBXFileReference; lastKnownFileType = sourcecode.swift; path = SettingsView.swift; sourceTree = "<group>"; };
		1F7FA2E72ED33D42004D91C4 /* AIPolishView.swift */ = {isa = PBXFileReference; lastKnownFileType = sourcecode.swift; path = AIPolishView.swift; sourceTree = "<group>"; };
		1F7FA2E92ED34066004D91C4 /* CategoryViewModel.swift */ = {isa = PBXFileReference; lastKnownFileType = sourcecode.swift; path = CategoryViewModel.swift; sourceTree = "<group>"; };
		1F7FA2EB2ED34066004D91C4 /* AIPolishViewModel.swift */ = {isa = PBXFileReference; lastKnownFileType = sourcecode.swift; path = AIPolishViewModel.swift; sourceTree = "<group>"; };
		1F9A66A62EF6554B00DCE674 /* NewStoryEditorView.swift */ = {isa = PBXFileReference; lastKnownFileType = sourcecode.swift; path = NewStoryEditorView.swift; sourceTree = "<group>"; };
		1F9A66AB2EF66A1400DCE674 /* RichTextEditorView.swift */ = {isa = PBXFileReference; lastKnownFileType = sourcecode.swift; path = RichTextEditorView.swift; sourceTree = "<group>"; };
		1F9A66AD2EF6F2A100DCE674 /* FontSettingsSheet.swift */ = {isa = PBXFileReference; lastKnownFileType = sourcecode.swift; path = FontSettingsSheet.swift; sourceTree = "<group>"; };
		1F9BF5452F091270009E5A49 /* MyStory.xcdatamodel */ = {isa = PBXFileReference; lastKnownFileType = wrapper.xcdatamodel; path = MyStory.xcdatamodel; sourceTree = "<group>"; };
		1F9BF5522F0913C8009E5A49 /* SettingEntity+CoreDataClass.swift */ = {isa = PBXFileReference; lastKnownFileType = sourcecode.swift; path = "SettingEntity+CoreDataClass.swift"; sourceTree = "<group>"; };
		1F9BF5542F09140B009E5A49 /* CategoryEntity+CoreDataClass.swift */ = {isa = PBXFileReference; lastKnownFileType = sourcecode.swift; path = "CategoryEntity+CoreDataClass.swift"; sourceTree = "<group>"; };
		1F9BF5552F09140B009E5A49 /* CategoryEntity+CoreDataProperties.swift */ = {isa = PBXFileReference; lastKnownFileType = sourcecode.swift; path = "CategoryEntity+CoreDataProperties.swift"; sourceTree = "<group>"; };
		1F9BF5562F09140B009E5A49 /* MediaEntity+CoreDataProperties.swift */ = {isa = PBXFileReference; lastKnownFileType = sourcecode.swift; path = "MediaEntity+CoreDataProperties.swift"; sourceTree = "<group>"; };
		1F9BF5572F09140B009E5A49 /* SettingEntity+CoreDataProperties.swift */ = {isa = PBXFileReference; lastKnownFileType = sourcecode.swift; path = "SettingEntity+CoreDataProperties.swift"; sourceTree = "<group>"; };
		1F9BF5582F09140B009E5A49 /* StoryEntity+CoreDataProperties.swift */ = {isa = PBXFileReference; lastKnownFileType = sourcecode.swift; path = "StoryEntity+CoreDataProperties.swift"; sourceTree = "<group>"; };
		1FCB03F92F0E4178000E5BC2 /* MigrationBackupService.swift */ = {isa = PBXFileReference; lastKnownFileType = sourcecode.swift; path = MigrationBackupService.swift; sourceTree = "<group>"; };
		1FCB03FA2F0E4178000E5BC2 /* MigrationCryptoService.swift */ = {isa = PBXFileReference; lastKnownFileType = sourcecode.swift; path = MigrationCryptoService.swift; sourceTree = "<group>"; };
		1FCB03FB2F0E4178000E5BC2 /* MigrationRestoreService.swift */ = {isa = PBXFileReference; lastKnownFileType = sourcecode.swift; path = MigrationRestoreService.swift; sourceTree = "<group>"; };
		1FCB03FC2F0E4178000E5BC2 /* MigrationSessionManager.swift */ = {isa = PBXFileReference; lastKnownFileType = sourcecode.swift; path = MigrationSessionManager.swift; sourceTree = "<group>"; };
		1FD7248C2F02B31900F46B20 /* ImageCropperView.swift */ = {isa = PBXFileReference; lastKnownFileType = sourcecode.swift; path = ImageCropperView.swift; sourceTree = "<group>"; };
		1FD7248E2F02B34900F46B20 /* CategoryIconView.swift */ = {isa = PBXFileReference; lastKnownFileType = sourcecode.swift; path = CategoryIconView.swift; sourceTree = "<group>"; };
		1FD724902F02B3A200F46B20 /* ImageCropperViewModel.swift */ = {isa = PBXFileReference; lastKnownFileType = sourcecode.swift; path = ImageCropperViewModel.swift; sourceTree = "<group>"; };
		1FD724922F02B3C500F46B20 /* CustomIconHelper.swift */ = {isa = PBXFileReference; lastKnownFileType = sourcecode.swift; path = CustomIconHelper.swift; sourceTree = "<group>"; };
		1FD724942F02B3F700F46B20 /* CropShape.swift */ = {isa = PBXFileReference; lastKnownFileType = sourcecode.swift; path = CropShape.swift; sourceTree = "<group>"; };
		1FDA9BDD2EDF16A900818D62 /* CategoryLevelView.swift */ = {isa = PBXFileReference; lastKnownFileType = sourcecode.swift; path = CategoryLevelView.swift; sourceTree = "<group>"; };
		1FDA9BDF2EDF22D700818D62 /* SimpleCategoryPicker.swift */ = {isa = PBXFileReference; lastKnownFileType = sourcecode.swift; path = SimpleCategoryPicker.swift; sourceTree = "<group>"; };
		1FDA9BE42EDF254B00818D62 /* MediaEntity+CoreDataClass.swift */ = {isa = PBXFileReference; lastKnownFileType = sourcecode.swift; path = "MediaEntity+CoreDataClass.swift"; sourceTree = "<group>"; };
		1FDA9BE62EDF254B00818D62 /* StoryEntity+CoreDataClass.swift */ = {isa = PBXFileReference; lastKnownFileType = sourcecode.swift; path = "StoryEntity+CoreDataClass.swift"; sourceTree = "<group>"; };
		1FDA9BEB2EE05D4000818D62 /* LocalizationManager.swift */ = {isa = PBXFileReference; lastKnownFileType = sourcecode.swift; path = LocalizationManager.swift; sourceTree = "<group>"; };
		1FDA9BEC2EE05D4000818D62 /* String+Localization.swift */ = {isa = PBXFileReference; lastKnownFileType = sourcecode.swift; path = "String+Localization.swift"; sourceTree = "<group>"; };
		1FDA9BEF2EE05D5500818D62 /* en */ = {isa = PBXFileReference; lastKnownFileType = text.plist.strings; name = en; path = en.lproj/InfoPlist.strings; sourceTree = "<group>"; };
		1FDA9BF02EE05D5500818D62 /* zh-Hans */ = {isa = PBXFileReference; lastKnownFileType = text.plist.strings; name = "zh-Hans"; path = "zh-Hans.lproj/InfoPlist.strings"; sourceTree = "<group>"; };
		1FDA9BF22EE05D5500818D62 /* en */ = {isa = PBXFileReference; lastKnownFileType = text.plist.strings; name = en; path = en.lproj/Localizable.strings; sourceTree = "<group>"; };
		1FDA9BF32EE05D5500818D62 /* zh-Hans */ = {isa = PBXFileReference; lastKnownFileType = text.plist.strings; name = "zh-Hans"; path = "zh-Hans.lproj/Localizable.strings"; sourceTree = "<group>"; };
		1FDA9BF82EE05D9200818D62 /* LanguageSettingsView.swift */ = {isa = PBXFileReference; lastKnownFileType = sourcecode.swift; path = LanguageSettingsView.swift; sourceTree = "<group>"; };
		1FDA9BFA2EE063EA00818D62 /* AppTheme.swift */ = {isa = PBXFileReference; lastKnownFileType = sourcecode.swift; path = AppTheme.swift; sourceTree = "<group>"; };
		1FDA9BFC2EE0678100818D62 /* ThemeSettingsView.swift */ = {isa = PBXFileReference; lastKnownFileType = sourcecode.swift; path = ThemeSettingsView.swift; sourceTree = "<group>"; };
		1FDA9BFE2EE06D6900818D62 /* CategorySearchResultView.swift */ = {isa = PBXFileReference; lastKnownFileType = sourcecode.swift; path = CategorySearchResultView.swift; sourceTree = "<group>"; };
		1FDA9C002EE06DA100818D62 /* SearchResultModel.swift */ = {isa = PBXFileReference; lastKnownFileType = sourcecode.swift; path = SearchResultModel.swift; sourceTree = "<group>"; };
		1FDA9C022EE072B200818D62 /* CategorySearchView.swift */ = {isa = PBXFileReference; lastKnownFileType = sourcecode.swift; path = CategorySearchView.swift; sourceTree = "<group>"; };
		1FF01B1E2ED71AB400EDDEE4 /* CategoryFormView.swift */ = {isa = PBXFileReference; lastKnownFileType = sourcecode.swift; path = CategoryFormView.swift; sourceTree = "<group>"; };
		1FF01B1F2ED71AB400EDDEE4 /* CategoryStoryListView.swift */ = {isa = PBXFileReference; lastKnownFileType = sourcecode.swift; path = CategoryStoryListView.swift; sourceTree = "<group>"; };
		E200000001 /* MyStoryApp.swift */ = {isa = PBXFileReference; lastKnownFileType = sourcecode.swift; path = MyStoryApp.swift; sourceTree = "<group>"; };
		E200000002 /* CoreDataStack.swift */ = {isa = PBXFileReference; lastKnownFileType = sourcecode.swift; path = CoreDataStack.swift; sourceTree = "<group>"; };
		E200000003 /* MediaStorageService.swift */ = {isa = PBXFileReference; lastKnownFileType = sourcecode.swift; path = MediaStorageService.swift; sourceTree = "<group>"; };
		E200000004 /* LocationService.swift */ = {isa = PBXFileReference; lastKnownFileType = sourcecode.swift; path = LocationService.swift; sourceTree = "<group>"; };
		E200000005 /* TimelineView.swift */ = {isa = PBXFileReference; lastKnownFileType = sourcecode.swift; path = TimelineView.swift; sourceTree = "<group>"; };
		E200000006 /* TimelineViewModel.swift */ = {isa = PBXFileReference; lastKnownFileType = sourcecode.swift; path = TimelineViewModel.swift; sourceTree = "<group>"; };
		E200000007 /* FullScreenStoryView.swift */ = {isa = PBXFileReference; lastKnownFileType = sourcecode.swift; path = FullScreenStoryView.swift; sourceTree = "<group>"; };
		E200000009 /* StoryCardView.swift */ = {isa = PBXFileReference; lastKnownFileType = sourcecode.swift; path = StoryCardView.swift; sourceTree = "<group>"; };
		E20000000C /* Assets.xcassets */ = {isa = PBXFileReference; lastKnownFileType = folder.assetcatalog; path = Assets.xcassets; sourceTree = "<group>"; };
		E20000000D /* Info.plist */ = {isa = PBXFileReference; lastKnownFileType = text.plist.xml; path = Info.plist; sourceTree = "<group>"; };
		E20000000E /* VideoPlayerView.swift */ = {isa = PBXFileReference; lastKnownFileType = sourcecode.swift; path = VideoPlayerView.swift; sourceTree = "<group>"; };
		E20000000F /* VideoTransferable.swift */ = {isa = PBXFileReference; lastKnownFileType = sourcecode.swift; path = VideoTransferable.swift; sourceTree = "<group>"; };
		E200000010 /* LoadingIndicator.swift */ = {isa = PBXFileReference; lastKnownFileType = sourcecode.swift; path = LoadingIndicator.swift; sourceTree = "<group>"; };
		E2000000FF /* MyStory.app */ = {isa = PBXFileReference; explicitFileType = wrapper.application; path = MyStory.app; sourceTree = BUILT_PRODUCTS_DIR; };
/* End PBXFileReference section */

/* Begin PBXFrameworksBuildPhase section */
		E300000001 /* Frameworks */ = {
			isa = PBXFrameworksBuildPhase;
			buildActionMask = 2147483647;
			files = (
				1F9A66AA2EF6613500DCE674 /* RichTextKit in Frameworks */,
			);
			runOnlyForDeploymentPostprocessing = 0;
		};
/* End PBXFrameworksBuildPhase section */

/* Begin PBXGroup section */
		1F7FA2B92ED33AD2004D91C4 /* AIService */ = {
			isa = PBXGroup;
			children = (
				1F7FA2B82ED33AD2004D91C4 /* AIPolishService.swift */,
			);
			path = AIService;
			sourceTree = "<group>";
		};
		1F7FA2BB2ED33AD2004D91C4 /* CategoryService */ = {
			isa = PBXGroup;
			children = (
				1F7FA2BA2ED33AD2004D91C4 /* CategoryService.swift */,
			);
			path = CategoryService;
			sourceTree = "<group>";
		};
		1F7FA2C42ED33C6E004D91C4 /* Router */ = {
			isa = PBXGroup;
			children = (
				1F7FA2C32ED33C6E004D91C4 /* AppRouter.swift */,
			);
			path = Router;
			sourceTree = "<group>";
		};
		1F7FA2C72ED33C9E004D91C4 /* Category */ = {
			isa = PBXGroup;
			children = (
				1FD724942F02B3F700F46B20 /* CropShape.swift */,
				1F7FA2C62ED33C9E004D91C4 /* CategoryModel.swift */,
			);
			path = Category;
			sourceTree = "<group>";
		};
		1F7FA2CB2ED33C9E004D91C4 /* ViewModels */ = {
			isa = PBXGroup;
			children = (
				1FDA9C002EE06DA100818D62 /* SearchResultModel.swift */,
				1F7FA2C82ED33C9E004D91C4 /* LocationInfo.swift */,
				1F7FA2C92ED33C9E004D91C4 /* SearchHistoryItem.swift */,
				1F7FA2CA2ED33C9E004D91C4 /* StoryModel.swift */,
			);
			path = ViewModels;
			sourceTree = "<group>";
		};
		1F7FA2D52ED33CEE004D91C4 /* Category */ = {
			isa = PBXGroup;
			children = (
				1FD7248E2F02B34900F46B20 /* CategoryIconView.swift */,
				1FDA9BDF2EDF22D700818D62 /* SimpleCategoryPicker.swift */,
				1F7FA2D42ED33CEE004D91C4 /* CategoryCardView.swift */,
			);
			path = Category;
			sourceTree = "<group>";
		};
		1F7FA2D72ED33CEE004D91C4 /* Theme */ = {
			isa = PBXGroup;
			children = (
				1FDA9BFA2EE063EA00818D62 /* AppTheme.swift */,
			);
			path = Theme;
			sourceTree = "<group>";
		};
		1F7FA2DC2ED33D23004D91C4 /* Category */ = {
			isa = PBXGroup;
			children = (
				1FDA9C022EE072B200818D62 /* CategorySearchView.swift */,
				1FDA9BFE2EE06D6900818D62 /* CategorySearchResultView.swift */,
				1FDA9BDD2EDF16A900818D62 /* CategoryLevelView.swift */,
				1FF01B1E2ED71AB400EDDEE4 /* CategoryFormView.swift */,
				1FF01B1F2ED71AB400EDDEE4 /* CategoryStoryListView.swift */,
				1F7FA2DA2ED33D23004D91C4 /* CategoryListView.swift */,
				1F7FA2DB2ED33D23004D91C4 /* CategoryView.swift */,
			);
			path = Category;
			sourceTree = "<group>";
		};
		1F7FA2E12ED33D23004D91C4 /* Settings */ = {
			isa = PBXGroup;
			children = (
				1FDA9BFC2EE0678100818D62 /* ThemeSettingsView.swift */,
				1FDA9BF82EE05D9200818D62 /* LanguageSettingsView.swift */,
				1F7FA2E02ED33D23004D91C4 /* SettingsView.swift */,
			);
			path = Settings;
			sourceTree = "<group>";
		};
		1F7FA2EA2ED34066004D91C4 /* Category */ = {
			isa = PBXGroup;
			children = (
				1F7FA2E92ED34066004D91C4 /* CategoryViewModel.swift */,
			);
			path = Category;
			sourceTree = "<group>";
		};
		1F7FA2EC2ED34066004D91C4 /* Editor */ = {
			isa = PBXGroup;
			children = (
				1FD724902F02B3A200F46B20 /* ImageCropperViewModel.swift */,
				1F7FA2EB2ED34066004D91C4 /* AIPolishViewModel.swift */,
			);
			path = Editor;
			sourceTree = "<group>";
		};
		1F7FA2ED2ED34066004D91C4 /* ViewModels */ = {
			isa = PBXGroup;
			children = (
				1F7FA2EA2ED34066004D91C4 /* Category */,
				1F7FA2EC2ED34066004D91C4 /* Editor */,
			);
			path = ViewModels;
			sourceTree = "<group>";
		};
		1FDA9BF52EE05D5500818D62 /* Localizable */ = {
			isa = PBXGroup;
			children = (
				1FDA9BF12EE05D5500818D62 /* InfoPlist.strings */,
				1FDA9BF42EE05D5500818D62 /* Localizable.strings */,
			);
			path = Localizable;
			sourceTree = "<group>";
		};
		E400000000 = {
			isa = PBXGroup;
			children = (
				E500000001 /* MyStory */,
				E5000000FF /* Products */,
			);
			sourceTree = "<group>";
		};
		E500000001 /* MyStory */ = {
			isa = PBXGroup;
			children = (
				1F7FA2ED2ED34066004D91C4 /* ViewModels */,
				E600000001 /* App */,
				E600000002 /* Core */,
				E600000003 /* Models */,
				E600000004 /* Services */,
				E600000005 /* Views */,
				E600000006 /* Components */,
				E600000008 /* Utils */,
				E600000007 /* Resources */,
				E20000000D /* Info.plist */,
			);
			path = MyStory;
			sourceTree = "<group>";
		};
		E5000000FF /* Products */ = {
			isa = PBXGroup;
			children = (
				E2000000FF /* MyStory.app */,
			);
			name = Products;
			sourceTree = "<group>";
		};
		E600000001 /* App */ = {
			isa = PBXGroup;
			children = (
				E200000001 /* MyStoryApp.swift */,
			);
			path = App;
			sourceTree = "<group>";
		};
		E600000002 /* Core */ = {
			isa = PBXGroup;
			children = (
				1F7FA2C42ED33C6E004D91C4 /* Router */,
				E700000002 /* Storage */,
			);
			path = Core;
			sourceTree = "<group>";
		};
		E600000003 /* Models */ = {
			isa = PBXGroup;
			children = (
				1F7FA2C72ED33C9E004D91C4 /* Category */,
				1F7FA2CB2ED33C9E004D91C4 /* ViewModels */,
				E700000003 /* Entities */,
			);
			path = Models;
			sourceTree = "<group>";
		};
		E600000004 /* Services */ = {
			isa = PBXGroup;
			children = (
				1FCB03F92F0E4178000E5BC2 /* MigrationBackupService.swift */,
				1FCB03FA2F0E4178000E5BC2 /* MigrationCryptoService.swift */,
				1FCB03FB2F0E4178000E5BC2 /* MigrationRestoreService.swift */,
				1FCB03FC2F0E4178000E5BC2 /* MigrationSessionManager.swift */,
				1F7FA2B92ED33AD2004D91C4 /* AIService */,
				1F7FA2BB2ED33AD2004D91C4 /* CategoryService */,
				E200000003 /* MediaStorageService.swift */,
				E200000004 /* LocationService.swift */,
			);
			path = Services;
			sourceTree = "<group>";
		};
		E600000005 /* Views */ = {
			isa = PBXGroup;
			children = (
				1F7FA2DC2ED33D23004D91C4 /* Category */,
				1F7FA2E12ED33D23004D91C4 /* Settings */,
				1F7FA2C12ED33C57004D91C4 /* RootView.swift */,
				E700000005 /* Timeline */,
				E700000006 /* Editor */,
			);
			path = Views;
			sourceTree = "<group>";
		};
		E600000006 /* Components */ = {
			isa = PBXGroup;
			children = (
				1F9A66AD2EF6F2A100DCE674 /* FontSettingsSheet.swift */,
				1F9A66AB2EF66A1400DCE674 /* RichTextEditorView.swift */,
				1F7FA2D52ED33CEE004D91C4 /* Category */,
				1F7FA2D72ED33CEE004D91C4 /* Theme */,
				E200000009 /* StoryCardView.swift */,
				E20000000E /* VideoPlayerView.swift */,
			);
			path = Components;
			sourceTree = "<group>";
		};
		E600000007 /* Resources */ = {
			isa = PBXGroup;
			children = (
				1F9BF5442F091270009E5A49 /* MyStory.xcdatamodeld */,
				1FDA9BF52EE05D5500818D62 /* Localizable */,
				E20000000C /* Assets.xcassets */,
			);
			path = Resources;
			sourceTree = "<group>";
		};
		E600000008 /* Utils */ = {
			isa = PBXGroup;
			children = (
				1FD724922F02B3C500F46B20 /* CustomIconHelper.swift */,
				1FDA9BEB2EE05D4000818D62 /* LocalizationManager.swift */,
				1FDA9BEC2EE05D4000818D62 /* String+Localization.swift */,
				1F7FA2D02ED33CD3004D91C4 /* MarkdownProcessor.swift */,
				1F7FA2D12ED33CD3004D91C4 /* SensitiveFilter.swift */,
				E20000000F /* VideoTransferable.swift */,
				E200000010 /* LoadingIndicator.swift */,
			);
			path = Utils;
			sourceTree = "<group>";
		};
		E700000002 /* Storage */ = {
			isa = PBXGroup;
			children = (
				1F7FA2A42ED33A99004D91C4 /* KeychainStore.swift */,
				E200000002 /* CoreDataStack.swift */,
			);
			path = Storage;
			sourceTree = "<group>";
		};
		E700000003 /* Entities */ = {
			isa = PBXGroup;
			children = (
				1F9BF5542F09140B009E5A49 /* CategoryEntity+CoreDataClass.swift */,
				1F9BF5552F09140B009E5A49 /* CategoryEntity+CoreDataProperties.swift */,
				1F9BF5562F09140B009E5A49 /* MediaEntity+CoreDataProperties.swift */,
				1F9BF5572F09140B009E5A49 /* SettingEntity+CoreDataProperties.swift */,
				1F9BF5582F09140B009E5A49 /* StoryEntity+CoreDataProperties.swift */,
				1F9BF5522F0913C8009E5A49 /* SettingEntity+CoreDataClass.swift */,
				1FDA9BE42EDF254B00818D62 /* MediaEntity+CoreDataClass.swift */,
				1FDA9BE62EDF254B00818D62 /* StoryEntity+CoreDataClass.swift */,
			);
			path = Entities;
			sourceTree = "<group>";
		};
		E700000005 /* Timeline */ = {
			isa = PBXGroup;
			children = (
				E200000005 /* TimelineView.swift */,
				E200000006 /* TimelineViewModel.swift */,
				E200000007 /* FullScreenStoryView.swift */,
			);
			path = Timeline;
			sourceTree = "<group>";
		};
		E700000006 /* Editor */ = {
			isa = PBXGroup;
			children = (
				1FD7248C2F02B31900F46B20 /* ImageCropperView.swift */,
				1F9A66A62EF6554B00DCE674 /* NewStoryEditorView.swift */,
				1F7FA2E72ED33D42004D91C4 /* AIPolishView.swift */,
			);
			path = Editor;
			sourceTree = "<group>";
		};
/* End PBXGroup section */

/* Begin PBXNativeTarget section */
		E800000001 /* MyStory */ = {
			isa = PBXNativeTarget;
			buildConfigurationList = E900000001 /* Build configuration list for PBXNativeTarget "MyStory" */;
			buildPhases = (
				EA00000001 /* Sources */,
				E300000001 /* Frameworks */,
				EA00000002 /* Resources */,
			);
			buildRules = (
			);
			dependencies = (
			);
			name = MyStory;
			productName = MyStory;
			productReference = E2000000FF /* MyStory.app */;
			productType = "com.apple.product-type.application";
		};
/* End PBXNativeTarget section */

/* Begin PBXProject section */
		EB00000001 /* Project object */ = {
			isa = PBXProject;
			attributes = {
				LastUpgradeCheck = 1500;
				ORGANIZATIONNAME = "";
				TargetAttributes = {
					E800000001 = {
						CreatedOnToolsVersion = 15.0;
						ProvisioningStyle = Automatic;
					};
				};
			};
			buildConfigurationList = E900000002 /* Build configuration list for PBXProject "MyStory" */;
			compatibilityVersion = "Xcode 15.0";
			developmentRegion = en;
			hasScannedForEncodings = 0;
			knownRegions = (
				en,
				"zh-Hans",
			);
			mainGroup = E400000000;
			packageReferences = (
				1F9A66A82EF6613500DCE674 /* XCRemoteSwiftPackageReference "RichTextKit" */,
			);
			productRefGroup = E5000000FF /* Products */;
			projectDirPath = "";
			projectRoot = "";
			targets = (
				E800000001 /* MyStory */,
			);
		};
/* End PBXProject section */

/* Begin PBXResourcesBuildPhase section */
		EA00000002 /* Resources */ = {
			isa = PBXResourcesBuildPhase;
			buildActionMask = 2147483647;
			files = (
				1FDA9BF62EE05D5500818D62 /* InfoPlist.strings in Resources */,
				1FDA9BF72EE05D5500818D62 /* Localizable.strings in Resources */,
				E10000000C /* Assets.xcassets in Resources */,
			);
			runOnlyForDeploymentPostprocessing = 0;
		};
/* End PBXResourcesBuildPhase section */

/* Begin PBXSourcesBuildPhase section */
		EA00000001 /* Sources */ = {
			isa = PBXSourcesBuildPhase;
			buildActionMask = 2147483647;
			files = (
				E100000001 /* MyStoryApp.swift in Sources */,
				1F7FA2E82ED33D42004D91C4 /* AIPolishView.swift in Sources */,
				1F7FA2BF2ED33AD2004D91C4 /* AIPolishService.swift in Sources */,
				1FDA9BF92EE05D9200818D62 /* LanguageSettingsView.swift in Sources */,
				1F7FA2C02ED33AD2004D91C4 /* CategoryService.swift in Sources */,
				E100000002 /* CoreDataStack.swift in Sources */,
				E100000003 /* MediaStorageService.swift in Sources */,
				E100000004 /* LocationService.swift in Sources */,
				1FDA9C012EE06DA100818D62 /* SearchResultModel.swift in Sources */,
				1FDA9C032EE072B200818D62 /* CategorySearchView.swift in Sources */,
				1F7FA2C22ED33C57004D91C4 /* RootView.swift in Sources */,
				1FDA9BFD2EE0678100818D62 /* ThemeSettingsView.swift in Sources */,
				E100000005 /* TimelineView.swift in Sources */,
				1F7FA2D22ED33CD3004D91C4 /* SensitiveFilter.swift in Sources */,
				1F7FA2D32ED33CD3004D91C4 /* MarkdownProcessor.swift in Sources */,
				1F7FA2C52ED33C6E004D91C4 /* AppRouter.swift in Sources */,
				1FDA9BED2EE05D4000818D62 /* String+Localization.swift in Sources */,
				1FDA9BEE2EE05D4000818D62 /* LocalizationManager.swift in Sources */,
				E100000006 /* TimelineViewModel.swift in Sources */,
				E100000007 /* FullScreenStoryView.swift in Sources */,
				1FD724952F02B3F700F46B20 /* CropShape.swift in Sources */,
				1F7FA2D82ED33CEE004D91C4 /* CategoryCardView.swift in Sources */,
				1F9BF5592F09140B009E5A49 /* CategoryEntity+CoreDataClass.swift in Sources */,
				1F9BF55A2F09140B009E5A49 /* CategoryEntity+CoreDataProperties.swift in Sources */,
				1F9BF55B2F09140B009E5A49 /* MediaEntity+CoreDataProperties.swift in Sources */,
				1F9BF55C2F09140B009E5A49 /* SettingEntity+CoreDataProperties.swift in Sources */,
				1F9BF55D2F09140B009E5A49 /* StoryEntity+CoreDataProperties.swift in Sources */,
				1FDA9BE02EDF22D700818D62 /* SimpleCategoryPicker.swift in Sources */,
				1F7FA2CC2ED33C9E004D91C4 /* SearchHistoryItem.swift in Sources */,
				1FDA9BDE2EDF16A900818D62 /* CategoryLevelView.swift in Sources */,
				1F7FA2CD2ED33C9E004D91C4 /* LocationInfo.swift in Sources */,
				1FCB03FD2F0E4178000E5BC2 /* MigrationBackupService.swift in Sources */,
				1FCB03FE2F0E4178000E5BC2 /* MigrationCryptoService.swift in Sources */,
				1FCB03FF2F0E4178000E5BC2 /* MigrationSessionManager.swift in Sources */,
				1FCB04002F0E4178000E5BC2 /* MigrationRestoreService.swift in Sources */,
				1F9A66AE2EF6F2A100DCE674 /* FontSettingsSheet.swift in Sources */,
				1F7FA2CE2ED33C9E004D91C4 /* CategoryModel.swift in Sources */,
				1FD724932F02B3C500F46B20 /* CustomIconHelper.swift in Sources */,
				1FDA9BFF2EE06D6900818D62 /* CategorySearchResultView.swift in Sources */,
				1F7FA2E22ED33D23004D91C4 /* CategoryListView.swift in Sources */,
				1F7FA2EE2ED34066004D91C4 /* CategoryViewModel.swift in Sources */,
				1F9BF5532F0913C8009E5A49 /* SettingEntity+CoreDataClass.swift in Sources */,
				1F7FA2EF2ED34066004D91C4 /* AIPolishViewModel.swift in Sources */,
				1F7FA2E42ED33D23004D91C4 /* SettingsView.swift in Sources */,
				1F7FA2E62ED33D23004D91C4 /* CategoryView.swift in Sources */,
				1FD724912F02B3A200F46B20 /* ImageCropperViewModel.swift in Sources */,
				1F9BF5462F091270009E5A49 /* MyStory.xcdatamodeld in Sources */,
				1F7FA2CF2ED33C9E004D91C4 /* StoryModel.swift in Sources */,
				E100000009 /* StoryCardView.swift in Sources */,
				1FF01B202ED71AB400EDDEE4 /* CategoryStoryListView.swift in Sources */,
				1FD7248D2F02B31900F46B20 /* ImageCropperView.swift in Sources */,
				1FF01B212ED71AB400EDDEE4 /* CategoryFormView.swift in Sources */,
				1F7FA2A72ED33A99004D91C4 /* KeychainStore.swift in Sources */,
				1FDA9BE72EDF254B00818D62 /* StoryEntity+CoreDataClass.swift in Sources */,
				1FDA9BFB2EE063EA00818D62 /* AppTheme.swift in Sources */,
				1FDA9BE92EDF254B00818D62 /* MediaEntity+CoreDataClass.swift in Sources */,
				1FD7248F2F02B34900F46B20 /* CategoryIconView.swift in Sources */,
				E10000000E /* VideoPlayerView.swift in Sources */,
				E10000000F /* VideoTransferable.swift in Sources */,
				1F9A66AC2EF66A1400DCE674 /* RichTextEditorView.swift in Sources */,
				1F9A66A72EF6554B00DCE674 /* NewStoryEditorView.swift in Sources */,
				E100000010 /* LoadingIndicator.swift in Sources */,
			);
			runOnlyForDeploymentPostprocessing = 0;
		};
/* End PBXSourcesBuildPhase section */

/* Begin PBXVariantGroup section */
		1FDA9BF12EE05D5500818D62 /* InfoPlist.strings */ = {
			isa = PBXVariantGroup;
			children = (
				1FDA9BEF2EE05D5500818D62 /* en */,
				1FDA9BF02EE05D5500818D62 /* zh-Hans */,
			);
			name = InfoPlist.strings;
			sourceTree = "<group>";
		};
		1FDA9BF42EE05D5500818D62 /* Localizable.strings */ = {
			isa = PBXVariantGroup;
			children = (
				1FDA9BF22EE05D5500818D62 /* en */,
				1FDA9BF32EE05D5500818D62 /* zh-Hans */,
			);
			name = Localizable.strings;
			sourceTree = "<group>";
		};
/* End PBXVariantGroup section */

/* Begin XCBuildConfiguration section */
		EC00000001 /* Debug */ = {
			isa = XCBuildConfiguration;
			buildSettings = {
				CODE_SIGN_STYLE = Automatic;
				DEVELOPMENT_TEAM = 893973NXS8;
				INFOPLIST_FILE = MyStory/Info.plist;
				IPHONEOS_DEPLOYMENT_TARGET = 16.0;
				PRODUCT_BUNDLE_IDENTIFIER = com.lgogo.story;
				PRODUCT_NAME = MyStory;
				SUPPORTED_PLATFORMS = "iphoneos iphonesimulator macosx";
				SUPPORTS_MACCATALYST = NO;
				SWIFT_VERSION = 5.0;
				TARGETED_DEVICE_FAMILY = "1,2";
			};
			name = Debug;
		};
		EC00000002 /* Release */ = {
			isa = XCBuildConfiguration;
			buildSettings = {
				CODE_SIGN_STYLE = Automatic;
				DEVELOPMENT_TEAM = 893973NXS8;
				INFOPLIST_FILE = MyStory/Info.plist;
				IPHONEOS_DEPLOYMENT_TARGET = 16.0;
				PRODUCT_BUNDLE_IDENTIFIER = com.gogo.MyStory;
				PRODUCT_NAME = MyStory;
				SUPPORTED_PLATFORMS = "iphoneos iphonesimulator macosx";
				SUPPORTS_MACCATALYST = NO;
				SWIFT_VERSION = 5.0;
				TARGETED_DEVICE_FAMILY = "1,2";
			};
			name = Release;
		};
		EC00000011 /* Debug */ = {
			isa = XCBuildConfiguration;
			buildSettings = {
				ALWAYS_SEARCH_USER_PATHS = NO;
				CODE_SIGN_STYLE = Automatic;
				DEVELOPMENT_TEAM = "";
				SWIFT_OPTIMIZATION_LEVEL = "-Onone";
				SWIFT_VERSION = 5.0;
			};
			name = Debug;
		};
		EC00000012 /* Release */ = {
			isa = XCBuildConfiguration;
			buildSettings = {
				ALWAYS_SEARCH_USER_PATHS = NO;
				CODE_SIGN_STYLE = Automatic;
				DEVELOPMENT_TEAM = "";
				SWIFT_OPTIMIZATION_LEVEL = "-Onone";
				SWIFT_VERSION = 5.0;
			};
			name = Release;
		};
/* End XCBuildConfiguration section */

/* Begin XCConfigurationList section */
		E900000001 /* Build configuration list for PBXNativeTarget "MyStory" */ = {
			isa = XCConfigurationList;
			buildConfigurations = (
				EC00000001 /* Debug */,
				EC00000002 /* Release */,
			);
			defaultConfigurationIsVisible = 0;
			defaultConfigurationName = Debug;
		};
		E900000002 /* Build configuration list for PBXProject "MyStory" */ = {
			isa = XCConfigurationList;
			buildConfigurations = (
				EC00000011 /* Debug */,
				EC00000012 /* Release */,
			);
			defaultConfigurationIsVisible = 0;
			defaultConfigurationName = Debug;
		};
/* End XCConfigurationList section */

/* Begin XCRemoteSwiftPackageReference section */
		1F9A66A82EF6613500DCE674 /* XCRemoteSwiftPackageReference "RichTextKit" */ = {
			isa = XCRemoteSwiftPackageReference;
			repositoryURL = "https://github.com/danielsaidi/RichTextKit";
			requirement = {
				kind = upToNextMajorVersion;
				minimumVersion = 1.2.0;
			};
		};
/* End XCRemoteSwiftPackageReference section */

/* Begin XCSwiftPackageProductDependency section */
		1F9A66A92EF6613500DCE674 /* RichTextKit */ = {
			isa = XCSwiftPackageProductDependency;
			package = 1F9A66A82EF6613500DCE674 /* XCRemoteSwiftPackageReference "RichTextKit" */;
			productName = RichTextKit;
		};
/* End XCSwiftPackageProductDependency section */

/* Begin XCVersionGroup section */
		1F9BF5442F091270009E5A49 /* MyStory.xcdatamodeld */ = {
			isa = XCVersionGroup;
			children = (
				1F9BF5452F091270009E5A49 /* MyStory.xcdatamodel */,
			);
			currentVersion = 1F9BF5452F091270009E5A49 /* MyStory.xcdatamodel */;
			path = MyStory.xcdatamodeld;
			sourceTree = "<group>";
			versionGroupType = wrapper.xcdatamodel;
		};
/* End XCVersionGroup section */
	};
	rootObject = EB00000001 /* Project object */;
}
